<?xml version="1.0" encoding="utf-8"?>
<Project ToolsVersion="4.0" xmlns="http://schemas.microsoft.com/developer/msbuild/2003">
  <ItemGroup>
    <Filter Include="Source">
      <UniqueIdentifier>{4FC737F1-C7A5-4376-A066-2A32D752A2FF}</UniqueIdentifier>
      <Extensions>cpp;c;cc;cxx;c++;cppm;ixx;def;odl;idl;hpj;bat;asm;asmx</Extensions>
    </Filter>
    <Filter Include="Assets">
      <UniqueIdentifier>{7d2ce0eb-c054-4fe8-a9fe-1efa54b53c25}</UniqueIdentifier>
    </Filter>
    <Filter Include="Assets\Space">
      <UniqueIdentifier>{9f650435-4081-4ca5-8638-b1914bf07793}</UniqueIdentifier>
    </Filter>
    <Filter Include="Assets\Platformer">
      <UniqueIdentifier>{0347569d-48c0-471b-8c02-8fb12964f431}</UniqueIdentifier>
    </Filter>
    <Filter Include="Assets\Shaders">
      <UniqueIdentifier>{9bdf2735-5f2d-46cd-9e7e-7f4c77f00740}</UniqueIdentifier>
    </Filter>
    <Filter Include="Assets\Textures">
      <UniqueIdentifier>{89a8e1e9-c268-458e-99d7-04f179a2a33b}</UniqueIdentifier>
    </Filter>
    <Filter Include="Assets\Materials">
      <UniqueIdentifier>{d36de1ea-8e39-49d8-9160-f5a8f77cbc9f}</UniqueIdentifier>
    </Filter>
    <Filter Include="Assets\Scenes">
      <UniqueIdentifier>{c8091f6e-69f6-455d-b49c-24d8711aabb8}</UniqueIdentifier>
    </Filter>
  </ItemGroup>
  <ItemGroup>
    <ClCompile Include="Main.cpp">
      <Filter>Source</Filter>
    </ClCompile>
    <ClCompile Include="ApplicationPCH.cpp">
      <Filter>Source</Filter>
    </ClCompile>
  </ItemGroup>
  <ItemGroup>
    <ClInclude Include="ApplicationPCH.h">
      <Filter>Source</Filter>
    </ClInclude>
  </ItemGroup>
  <ItemGroup>
    <None Include="..\..\Build\Assets\Meshes\enemy.msh">
      <Filter>Assets\Space</Filter>
    </None>
    <None Include="..\..\Build\Assets\scene.json">
      <Filter>Assets\Space</Filter>
    </None>
    <None Include="..\..\Build\Assets\Platformer\Scenes\prototypes.json">
      <Filter>Assets\Platformer</Filter>
    </None>
    <None Include="..\..\Build\Assets\Platformer\Scenes\level.json">
      <Filter>Assets\Platformer</Filter>
    </None>
    <None Include="..\..\Build\Assets\Platformer\Tilemaps\tilemap.json">
      <Filter>Assets\Platformer</Filter>
    </None>
    <None Include="..\..\Build\Assets\Shaders\basic.frag">
      <Filter>Assets\Shaders</Filter>
    </None>
    <None Include="..\..\Build\Assets\Shaders\basic.vert">
      <Filter>Assets\Shaders</Filter>
    </None>
    <None Include="..\..\Build\Assets\Shaders\basic_lit.frag">
      <Filter>Assets\Shaders</Filter>
    </None>
    <None Include="..\..\Build\Assets\Shaders\basic_lit.vert">
      <Filter>Assets\Shaders</Filter>
    </None>
    <None Include="..\..\Build\Assets\Shaders\basic_lit.prong">
      <Filter>Assets\Shaders</Filter>
    </None>
    <None Include="..\..\Build\Assets\Materials\spot.mat">
      <Filter>Assets\Materials</Filter>
    </None>
    <None Include="..\..\Build\Assets\Shaders\basic_phong.vert">
      <Filter>Assets\Shaders</Filter>
    </None>
    <None Include="..\..\Build\Assets\Shaders\basic_phong.frag">
      <Filter>Assets\Shaders</Filter>
    </None>
    <None Include="..\..\Build\Assets\Shaders\basic_phong.prong">
      <Filter>Assets\Shaders</Filter>
    </None>
    <None Include="..\..\Build\Assets\Scenes\scene01.json">
      <Filter>Assets\Scenes</Filter>
    </None>
    <None Include="..\..\Build\Assets\Materials\halloween.mat">
      <Filter>Assets\Materials</Filter>
    </None>
    <None Include="..\..\Build\Assets\Scenes\scene02.json">
      <Filter>Assets\Scenes</Filter>
    </None>
    <None Include="..\..\Build\Assets\Materials\floor.mat">
      <Filter>Assets\Materials</Filter>
    </None>
    <None Include="..\..\Build\Assets\Materials\crate.mat">
      <Filter>Assets\Materials</Filter>
    </None>
    <None Include="..\..\Build\Assets\Scenes\scene03.json">
      <Filter>Assets\Scenes</Filter>
    </None>
  </ItemGroup>
  <ItemGroup>
    <Image Include="..\..\Build\Assets\Textures\beast.png">
      <Filter>Assets\Textures</Filter>
    </Image>
    <Image Include="..\..\Build\Assets\Textures\cow.png">
      <Filter>Assets\Textures</Filter>
    </Image>
    <Image Include="..\..\Build\Assets\Textures\halloween.png">
      <Filter>Assets\Textures</Filter>
    </Image>
    <Image Include="..\..\Build\Assets\Textures\space_crate_base.png">
      <Filter>Assets\Textures</Filter>
    </Image>
    <Image Include="..\..\Build\Assets\Textures\space_crate_specular.png">
      <Filter>Assets\Textures</Filter>
    </Image>
    <Image Include="..\..\Build\Assets\Textures\space_crate_normal.png">
      <Filter>Assets\Textures</Filter>
    </Image>
    <Image Include="..\..\Build\Assets\Textures\space_crate_emissive.png">
      <Filter>Assets\Textures</Filter>
    </Image>
  </ItemGroup>
</Project>